
Microsoft Visual Studio Solution File, Format Version 12.00
# Visual Studio 15
VisualStudioVersion = 15.0.26124.0
MinimumVisualStudioVersion = 15.0.26124.0
Project("{2150E333-8FDC-42A3-9474-1A3956D46DE8}") = "src", "src", "{C849DC6F-9EC2-4A5C-ABE8-FAEE8BE5A9AD}"
EndProject
Project("{FAE04EC0-301F-11D3-BF4B-00C04F79EFBC}") = "MvcClient", "src\MvcClient\MvcClient.csproj", "{FC3572A6-370F-4B4E-9613-24FE0526EA6E}"
EndProject
Project("{FAE04EC0-301F-11D3-BF4B-00C04F79EFBC}") = "ApiSource", "src\ApiSource\ApiSource.csproj", "{28692B2A-D866-45AE-AF39-4FE5A9943FD5}"
EndProject
Project("{FAE04EC0-301F-11D3-BF4B-00C04F79EFBC}") = "IdentityServer", "src\IdentityServer\IdentityServer.csproj", "{DC291C74-7ECE-4E0C-B84C-1F9CD1BAAD84}"
EndProject
Project("{FAE04EC0-301F-11D3-BF4B-00C04F79EFBC}") = "ConsoleClient", "src\ConsoleClient\ConsoleClient.csproj", "{0ABD29E7-72D1-4E49-A6B6-BA346210C0D4}"
EndProject
Project("{FAE04EC0-301F-11D3-BF4B-00C04F79EFBC}") = "AnotherApi", "src\AnotherApi\AnotherApi.csproj", "{8C035570-248D-46F7-8AC0-45291FE10E42}"
EndProject
Global
	GlobalSection(SolutionConfigurationPlatforms) = preSolution
		Debug|Any CPU = Debug|Any CPU
		Debug|x64 = Debug|x64
		Debug|x86 = Debug|x86
		Release|Any CPU = Release|Any CPU
		Release|x64 = Release|x64
		Release|x86 = Release|x86
	EndGlobalSection
	GlobalSection(SolutionProperties) = preSolution
		HideSolutionNode = FALSE
	EndGlobalSection
	GlobalSection(ProjectConfigurationPlatforms) = postSolution
		{FC3572A6-370F-4B4E-9613-24FE0526EA6E}.Debug|Any CPU.ActiveCfg = Debug|Any CPU
		{FC3572A6-370F-4B4E-9613-24FE0526EA6E}.Debug|Any CPU.Build.0 = Debug|Any CPU
		{FC3572A6-370F-4B4E-9613-24FE0526EA6E}.Debug|x64.ActiveCfg = Debug|Any CPU
		{FC3572A6-370F-4B4E-9613-24FE0526EA6E}.Debug|x64.Build.0 = Debug|Any CPU
		{FC3572A6-370F-4B4E-9613-24FE0526EA6E}.Debug|x86.ActiveCfg = Debug|Any CPU
		{FC3572A6-370F-4B4E-9613-24FE0526EA6E}.Debug|x86.Build.0 = Debug|Any CPU
		{FC3572A6-370F-4B4E-9613-24FE0526EA6E}.Release|Any CPU.ActiveCfg = Release|Any CPU
		{FC3572A6-370F-4B4E-9613-24FE0526EA6E}.Release|Any CPU.Build.0 = Release|Any CPU
		{FC3572A6-370F-4B4E-9613-24FE0526EA6E}.Release|x64.ActiveCfg = Release|Any CPU
		{FC3572A6-370F-4B4E-9613-24FE0526EA6E}.Release|x64.Build.0 = Release|Any CPU
		{FC3572A6-370F-4B4E-9613-24FE0526EA6E}.Release|x86.ActiveCfg = Release|Any CPU
		{FC3572A6-370F-4B4E-9613-24FE0526EA6E}.Release|x86.Build.0 = Release|Any CPU
		{28692B2A-D866-45AE-AF39-4FE5A9943FD5}.Debug|Any CPU.ActiveCfg = Debug|Any CPU
		{28692B2A-D866-45AE-AF39-4FE5A9943FD5}.Debug|Any CPU.Build.0 = Debug|Any CPU
		{28692B2A-D866-45AE-AF39-4FE5A9943FD5}.Debug|x64.ActiveCfg = Debug|Any CPU
		{28692B2A-D866-45AE-AF39-4FE5A9943FD5}.Debug|x64.Build.0 = Debug|Any CPU
		{28692B2A-D866-45AE-AF39-4FE5A9943FD5}.Debug|x86.ActiveCfg = Debug|Any CPU
		{28692B2A-D866-45AE-AF39-4FE5A9943FD5}.Debug|x86.Build.0 = Debug|Any CPU
		{28692B2A-D866-45AE-AF39-4FE5A9943FD5}.Release|Any CPU.ActiveCfg = Release|Any CPU
		{28692B2A-D866-45AE-AF39-4FE5A9943FD5}.Release|Any CPU.Build.0 = Release|Any CPU
		{28692B2A-D866-45AE-AF39-4FE5A9943FD5}.Release|x64.ActiveCfg = Release|Any CPU
		{28692B2A-D866-45AE-AF39-4FE5A9943FD5}.Release|x64.Build.0 = Release|Any CPU
		{28692B2A-D866-45AE-AF39-4FE5A9943FD5}.Release|x86.ActiveCfg = Release|Any CPU
		{28692B2A-D866-45AE-AF39-4FE5A9943FD5}.Release|x86.Build.0 = Release|Any CPU
		{DC291C74-7ECE-4E0C-B84C-1F9CD1BAAD84}.Debug|Any CPU.ActiveCfg = Debug|Any CPU
		{DC291C74-7ECE-4E0C-B84C-1F9CD1BAAD84}.Debug|Any CPU.Build.0 = Debug|Any CPU
		{DC291C74-7ECE-4E0C-B84C-1F9CD1BAAD84}.Debug|x64.ActiveCfg = Debug|Any CPU
		{DC291C74-7ECE-4E0C-B84C-1F9CD1BAAD84}.Debug|x64.Build.0 = Debug|Any CPU
		{DC291C74-7ECE-4E0C-B84C-1F9CD1BAAD84}.Debug|x86.ActiveCfg = Debug|Any CPU
		{DC291C74-7ECE-4E0C-B84C-1F9CD1BAAD84}.Debug|x86.Build.0 = Debug|Any CPU
		{DC291C74-7ECE-4E0C-B84C-1F9CD1BAAD84}.Release|Any CPU.ActiveCfg = Release|Any CPU
		{DC291C74-7ECE-4E0C-B84C-1F9CD1BAAD84}.Release|Any CPU.Build.0 = Release|Any CPU
		{DC291C74-7ECE-4E0C-B84C-1F9CD1BAAD84}.Release|x64.ActiveCfg = Release|Any CPU
		{DC291C74-7ECE-4E0C-B84C-1F9CD1BAAD84}.Release|x64.Build.0 = Release|Any CPU
		{DC291C74-7ECE-4E0C-B84C-1F9CD1BAAD84}.Release|x86.ActiveCfg = Release|Any CPU
		{DC291C74-7ECE-4E0C-B84C-1F9CD1BAAD84}.Release|x86.Build.0 = Release|Any CPU
		{0ABD29E7-72D1-4E49-A6B6-BA346210C0D4}.Debug|Any CPU.ActiveCfg = Debug|Any CPU
		{0ABD29E7-72D1-4E49-A6B6-BA346210C0D4}.Debug|Any CPU.Build.0 = Debug|Any CPU
		{0ABD29E7-72D1-4E49-A6B6-BA346210C0D4}.Debug|x64.ActiveCfg = Debug|Any CPU
		{0ABD29E7-72D1-4E49-A6B6-BA346210C0D4}.Debug|x64.Build.0 = Debug|Any CPU
		{0ABD29E7-72D1-4E49-A6B6-BA346210C0D4}.Debug|x86.ActiveCfg = Debug|Any CPU
		{0ABD29E7-72D1-4E49-A6B6-BA346210C0D4}.Debug|x86.Build.0 = Debug|Any CPU
		{0ABD29E7-72D1-4E49-A6B6-BA346210C0D4}.Release|Any CPU.ActiveCfg = Release|Any CPU
		{0ABD29E7-72D1-4E49-A6B6-BA346210C0D4}.Release|Any CPU.Build.0 = Release|Any CPU
		{0ABD29E7-72D1-4E49-A6B6-BA346210C0D4}.Release|x64.ActiveCfg = Release|Any CPU
		{0ABD29E7-72D1-4E49-A6B6-BA346210C0D4}.Release|x64.Build.0 = Release|Any CPU
		{0ABD29E7-72D1-4E49-A6B6-BA346210C0D4}.Release|x86.ActiveCfg = Release|Any CPU
		{0ABD29E7-72D1-4E49-A6B6-BA346210C0D4}.Release|x86.Build.0 = Release|Any CPU
		{8C035570-248D-46F7-8AC0-45291FE10E42}.Debug|Any CPU.ActiveCfg = Debug|Any CPU
		{8C035570-248D-46F7-8AC0-45291FE10E42}.Debug|Any CPU.Build.0 = Debug|Any CPU
		{8C035570-248D-46F7-8AC0-45291FE10E42}.Debug|x64.ActiveCfg = Debug|Any CPU
		{8C035570-248D-46F7-8AC0-45291FE10E42}.Debug|x64.Build.0 = Debug|Any CPU
		{8C035570-248D-46F7-8AC0-45291FE10E42}.Debug|x86.ActiveCfg = Debug|Any CPU
		{8C035570-248D-46F7-8AC0-45291FE10E42}.Debug|x86.Build.0 = Debug|Any CPU
		{8C035570-248D-46F7-8AC0-45291FE10E42}.Release|Any CPU.ActiveCfg = Release|Any CPU
		{8C035570-248D-46F7-8AC0-45291FE10E42}.Release|Any CPU.Build.0 = Release|Any CPU
		{8C035570-248D-46F7-8AC0-45291FE10E42}.Release|x64.ActiveCfg = Release|Any CPU
		{8C035570-248D-46F7-8AC0-45291FE10E42}.Release|x64.Build.0 = Release|Any CPU
		{8C035570-248D-46F7-8AC0-45291FE10E42}.Release|x86.ActiveCfg = Release|Any CPU
		{8C035570-248D-46F7-8AC0-45291FE10E42}.Release|x86.Build.0 = Release|Any CPU
	EndGlobalSection
	GlobalSection(NestedProjects) = preSolution
		{FC3572A6-370F-4B4E-9613-24FE0526EA6E} = {C849DC6F-9EC2-4A5C-ABE8-FAEE8BE5A9AD}
		{28692B2A-D866-45AE-AF39-4FE5A9943FD5} = {C849DC6F-9EC2-4A5C-ABE8-FAEE8BE5A9AD}
		{DC291C74-7ECE-4E0C-B84C-1F9CD1BAAD84} = {C849DC6F-9EC2-4A5C-ABE8-FAEE8BE5A9AD}
		{0ABD29E7-72D1-4E49-A6B6-BA346210C0D4} = {C849DC6F-9EC2-4A5C-ABE8-FAEE8BE5A9AD}
		{8C035570-248D-46F7-8AC0-45291FE10E42} = {C849DC6F-9EC2-4A5C-ABE8-FAEE8BE5A9AD}
	EndGlobalSection
EndGlobal
